
Microsoft Visual Studio Solution File, Format Version 12.00
# Visual Studio Version 17
VisualStudioVersion = 17.5.33530.505
MinimumVisualStudioVersion = 10.0.40219.1
Project("{9A19103F-16F7-4668-BE54-9A1E7A4F7556}") = "Lesson Third Homework", "Lesson Third Homework\Lesson Third Homework.csproj", "{05AF23EB-AA7C-4830-8DA6-850707387486}"
EndProject
Project("{9A19103F-16F7-4668-BE54-9A1E7A4F7556}") = "Lesson 4 -  Management Instruction", "Lesson 4 -  Management Instruction\Lesson 4 -  Management Instruction.csproj", "{5A42FED1-9E83-463E-832E-9580DA2DFED0}"
EndProject
Project("{9A19103F-16F7-4668-BE54-9A1E7A4F7556}") = "Loop Instruction", "Loop Instruction\Loop Instruction.csproj", "{2E0A6BD4-7FEE-4A91-896E-ED1BDB3154DA}"
EndProject
Project("{9A19103F-16F7-4668-BE54-9A1E7A4F7556}") = "Array", "Array\Array.csproj", "{74C5ADDC-72F4-481B-919E-92296E522A20}"
EndProject
Project("{9A19103F-16F7-4668-BE54-9A1E7A4F7556}") = "Strings", "Strings\Strings.csproj", "{D12B7936-2966-4496-A1DB-AB311EDEEF52}"
EndProject
Project("{9A19103F-16F7-4668-BE54-9A1E7A4F7556}") = "Methods", "Methods\Methods.csproj", "{53005753-058E-4CD2-974A-5CB239DA311D}"
EndProject
Project("{9A19103F-16F7-4668-BE54-9A1E7A4F7556}") = "Algoritms", "Algoritms\Algoritms.csproj", "{8175C42B-8B43-4DD5-8F87-02F79E0F22B5}"
EndProject
Project("{9A19103F-16F7-4668-BE54-9A1E7A4F7556}") = "OOP", "OOP\OOP.csproj", "{DDA72FC0-82BF-4E9F-9533-5DECDACA1DE8}"
EndProject
Project("{9A19103F-16F7-4668-BE54-9A1E7A4F7556}") = "OOP_Practices", "OOP-Practise\OOP_Practices.csproj", "{01C87A20-D8E7-4A37-AFD4-1E9BD03037EE}"
EndProject
Project("{9A19103F-16F7-4668-BE54-9A1E7A4F7556}") = "Generics_Collections", "Generics_Collecrtions\Generics_Collections.csproj", "{453EC73F-4028-4EE1-BD79-62FEAFFAE592}"
EndProject
Project("{FAE04EC0-301F-11D3-BF4B-00C04F79EFBC}") = "DataStructures", "DataStructures\DataStructures.csproj", "{4B5DC3BA-BA04-47B1-AEAF-4716BADE6CCF}"
EndProject
Project("{FAE04EC0-301F-11D3-BF4B-00C04F79EFBC}") = "Tasks", "Tasks\Tasks.csproj", "{BCCA3C19-D4A0-4011-90A0-E12E7CE37992}"
EndProject
Global
	GlobalSection(SolutionConfigurationPlatforms) = preSolution
		Debug|Any CPU = Debug|Any CPU
		Release|Any CPU = Release|Any CPU
	EndGlobalSection
	GlobalSection(ProjectConfigurationPlatforms) = postSolution
		{05AF23EB-AA7C-4830-8DA6-850707387486}.Debug|Any CPU.ActiveCfg = Debug|Any CPU
		{05AF23EB-AA7C-4830-8DA6-850707387486}.Debug|Any CPU.Build.0 = Debug|Any CPU
		{05AF23EB-AA7C-4830-8DA6-850707387486}.Release|Any CPU.ActiveCfg = Release|Any CPU
		{05AF23EB-AA7C-4830-8DA6-850707387486}.Release|Any CPU.Build.0 = Release|Any CPU
		{5A42FED1-9E83-463E-832E-9580DA2DFED0}.Debug|Any CPU.ActiveCfg = Debug|Any CPU
		{5A42FED1-9E83-463E-832E-9580DA2DFED0}.Debug|Any CPU.Build.0 = Debug|Any CPU
		{5A42FED1-9E83-463E-832E-9580DA2DFED0}.Release|Any CPU.ActiveCfg = Release|Any CPU
		{5A42FED1-9E83-463E-832E-9580DA2DFED0}.Release|Any CPU.Build.0 = Release|Any CPU
		{2E0A6BD4-7FEE-4A91-896E-ED1BDB3154DA}.Debug|Any CPU.ActiveCfg = Debug|Any CPU
		{2E0A6BD4-7FEE-4A91-896E-ED1BDB3154DA}.Debug|Any CPU.Build.0 = Debug|Any CPU
		{2E0A6BD4-7FEE-4A91-896E-ED1BDB3154DA}.Release|Any CPU.ActiveCfg = Release|Any CPU
		{2E0A6BD4-7FEE-4A91-896E-ED1BDB3154DA}.Release|Any CPU.Build.0 = Release|Any CPU
		{74C5ADDC-72F4-481B-919E-92296E522A20}.Debug|Any CPU.ActiveCfg = Debug|Any CPU
		{74C5ADDC-72F4-481B-919E-92296E522A20}.Debug|Any CPU.Build.0 = Debug|Any CPU
		{74C5ADDC-72F4-481B-919E-92296E522A20}.Release|Any CPU.ActiveCfg = Release|Any CPU
		{74C5ADDC-72F4-481B-919E-92296E522A20}.Release|Any CPU.Build.0 = Release|Any CPU
		{D12B7936-2966-4496-A1DB-AB311EDEEF52}.Debug|Any CPU.ActiveCfg = Debug|Any CPU
		{D12B7936-2966-4496-A1DB-AB311EDEEF52}.Debug|Any CPU.Build.0 = Debug|Any CPU
		{D12B7936-2966-4496-A1DB-AB311EDEEF52}.Release|Any CPU.ActiveCfg = Release|Any CPU
		{D12B7936-2966-4496-A1DB-AB311EDEEF52}.Release|Any CPU.Build.0 = Release|Any CPU
		{53005753-058E-4CD2-974A-5CB239DA311D}.Debug|Any CPU.ActiveCfg = Debug|Any CPU
		{53005753-058E-4CD2-974A-5CB239DA311D}.Debug|Any CPU.Build.0 = Debug|Any CPU
		{53005753-058E-4CD2-974A-5CB239DA311D}.Release|Any CPU.ActiveCfg = Release|Any CPU
		{53005753-058E-4CD2-974A-5CB239DA311D}.Release|Any CPU.Build.0 = Release|Any CPU
		{8175C42B-8B43-4DD5-8F87-02F79E0F22B5}.Debug|Any CPU.ActiveCfg = Debug|Any CPU
		{8175C42B-8B43-4DD5-8F87-02F79E0F22B5}.Debug|Any CPU.Build.0 = Debug|Any CPU
		{8175C42B-8B43-4DD5-8F87-02F79E0F22B5}.Release|Any CPU.ActiveCfg = Release|Any CPU
		{8175C42B-8B43-4DD5-8F87-02F79E0F22B5}.Release|Any CPU.Build.0 = Release|Any CPU
		{DDA72FC0-82BF-4E9F-9533-5DECDACA1DE8}.Debug|Any CPU.ActiveCfg = Debug|Any CPU
		{DDA72FC0-82BF-4E9F-9533-5DECDACA1DE8}.Debug|Any CPU.Build.0 = Debug|Any CPU
		{DDA72FC0-82BF-4E9F-9533-5DECDACA1DE8}.Release|Any CPU.ActiveCfg = Release|Any CPU
		{DDA72FC0-82BF-4E9F-9533-5DECDACA1DE8}.Release|Any CPU.Build.0 = Release|Any CPU
		{01C87A20-D8E7-4A37-AFD4-1E9BD03037EE}.Debug|Any CPU.ActiveCfg = Debug|Any CPU
		{01C87A20-D8E7-4A37-AFD4-1E9BD03037EE}.Debug|Any CPU.Build.0 = Debug|Any CPU
		{01C87A20-D8E7-4A37-AFD4-1E9BD03037EE}.Release|Any CPU.ActiveCfg = Release|Any CPU
		{01C87A20-D8E7-4A37-AFD4-1E9BD03037EE}.Release|Any CPU.Build.0 = Release|Any CPU
		{453EC73F-4028-4EE1-BD79-62FEAFFAE592}.Debug|Any CPU.ActiveCfg = Debug|Any CPU
		{453EC73F-4028-4EE1-BD79-62FEAFFAE592}.Debug|Any CPU.Build.0 = Debug|Any CPU
		{453EC73F-4028-4EE1-BD79-62FEAFFAE592}.Release|Any CPU.ActiveCfg = Release|Any CPU
		{453EC73F-4028-4EE1-BD79-62FEAFFAE592}.Release|Any CPU.Build.0 = Release|Any CPU
		{4B5DC3BA-BA04-47B1-AEAF-4716BADE6CCF}.Debug|Any CPU.ActiveCfg = Debug|Any CPU
		{4B5DC3BA-BA04-47B1-AEAF-4716BADE6CCF}.Debug|Any CPU.Build.0 = Debug|Any CPU
		{4B5DC3BA-BA04-47B1-AEAF-4716BADE6CCF}.Release|Any CPU.ActiveCfg = Release|Any CPU
		{4B5DC3BA-BA04-47B1-AEAF-4716BADE6CCF}.Release|Any CPU.Build.0 = Release|Any CPU
		{BCCA3C19-D4A0-4011-90A0-E12E7CE37992}.Debug|Any CPU.ActiveCfg = Debug|Any CPU
		{BCCA3C19-D4A0-4011-90A0-E12E7CE37992}.Debug|Any CPU.Build.0 = Debug|Any CPU
		{BCCA3C19-D4A0-4011-90A0-E12E7CE37992}.Release|Any CPU.ActiveCfg = Release|Any CPU
		{BCCA3C19-D4A0-4011-90A0-E12E7CE37992}.Release|Any CPU.Build.0 = Release|Any CPU
	EndGlobalSection
	GlobalSection(SolutionProperties) = preSolution
		HideSolutionNode = FALSE
	EndGlobalSection
	GlobalSection(ExtensibilityGlobals) = postSolution
		SolutionGuid = {A1F19E7C-4602-434D-81FE-E4FCE0F70D8E}
	EndGlobalSection
EndGlobal
