
Microsoft Visual Studio Solution File, Format Version 12.00
# Visual Studio Version 17
VisualStudioVersion = 17.5.33530.505
MinimumVisualStudioVersion = 10.0.40219.1
Project("{FAE04EC0-301F-11D3-BF4B-00C04F79EFBC}") = "Lesson Third Homework", "Lesson Third Homework\Lesson Third Homework.csproj", "{05AF23EB-AA7C-4830-8DA6-850707387486}"
EndProject
Project("{FAE04EC0-301F-11D3-BF4B-00C04F79EFBC}") = "Lesson 4 -  Management Instruction", "Lesson 4 -  Management Instruction\Lesson 4 -  Management Instruction.csproj", "{5A42FED1-9E83-463E-832E-9580DA2DFED0}"
EndProject
Global
	GlobalSection(SolutionConfigurationPlatforms) = preSolution
		Debug|Any CPU = Debug|Any CPU
		Release|Any CPU = Release|Any CPU
	EndGlobalSection
	GlobalSection(ProjectConfigurationPlatforms) = postSolution
		{05AF23EB-AA7C-4830-8DA6-850707387486}.Debug|Any CPU.ActiveCfg = Debug|Any CPU
		{05AF23EB-AA7C-4830-8DA6-850707387486}.Debug|Any CPU.Build.0 = Debug|Any CPU
		{05AF23EB-AA7C-4830-8DA6-850707387486}.Release|Any CPU.ActiveCfg = Release|Any CPU
		{05AF23EB-AA7C-4830-8DA6-850707387486}.Release|Any CPU.Build.0 = Release|Any CPU
		{5A42FED1-9E83-463E-832E-9580DA2DFED0}.Debug|Any CPU.ActiveCfg = Debug|Any CPU
		{5A42FED1-9E83-463E-832E-9580DA2DFED0}.Debug|Any CPU.Build.0 = Debug|Any CPU
		{5A42FED1-9E83-463E-832E-9580DA2DFED0}.Release|Any CPU.ActiveCfg = Release|Any CPU
		{5A42FED1-9E83-463E-832E-9580DA2DFED0}.Release|Any CPU.Build.0 = Release|Any CPU
	EndGlobalSection
	GlobalSection(SolutionProperties) = preSolution
		HideSolutionNode = FALSE
	EndGlobalSection
	GlobalSection(ExtensibilityGlobals) = postSolution
		SolutionGuid = {A1F19E7C-4602-434D-81FE-E4FCE0F70D8E}
	EndGlobalSection
EndGlobal
